
Microsoft Visual Studio Solution File, Format Version 12.00
# Visual Studio Version 16
VisualStudioVersion = 16.0.30011.22
MinimumVisualStudioVersion = 10.0.40219.1
Project("{2150E333-8FDC-42A3-9474-1A3956D46DE8}") = "_Solution Items", "_Solution Items", "{036A44E6-49F4-416C-8436-7E55F05FB8C6}"
	ProjectSection(SolutionItems) = preProject
		.gitignore = .gitignore
		CODEOWNERS = CODEOWNERS
		DFC.Digital.CodeAnalysis.ruleset = DFC.Digital.CodeAnalysis.ruleset
		LICENSE = LICENSE
		README.md = README.md
		Resources\PageRegistration\registration.json = Resources\PageRegistration\registration.json
		stylecop.json = stylecop.json
		UnitTests.CodeAnalysis.ruleset = UnitTests.CodeAnalysis.ruleset
	EndProjectSection
EndProject
Project("{2150E333-8FDC-42A3-9474-1A3956D46DE8}") = "Data", "Data", "{1DD6EE44-7073-4949-AD97-34636DF62CB5}"
EndProject
Project("{9A19103F-16F7-4668-BE54-9A1E7A4F7556}") = "DFC.App.ContactUs.Data", "DFC.App.ContactUs.Data\DFC.App.ContactUs.Data.csproj", "{4714657D-B7BC-481E-8232-1418577BBB2E}"
EndProject
Project("{2150E333-8FDC-42A3-9474-1A3956D46DE8}") = "Services", "Services", "{6DF16001-56C9-4D30-9AFC-14156B01996E}"
EndProject
Project("{9A19103F-16F7-4668-BE54-9A1E7A4F7556}") = "DFC.App.ContactUs", "DFC.App.ContactUs\DFC.App.ContactUs.csproj", "{56C3A071-4699-47F5-9D92-FA36AE4D9784}"
EndProject
Project("{2150E333-8FDC-42A3-9474-1A3956D46DE8}") = "Tests", "Tests", "{0C896E2B-3CA0-4674-98AC-948C514E629E}"
EndProject
Project("{2150E333-8FDC-42A3-9474-1A3956D46DE8}") = "IntegrationTests", "IntegrationTests", "{371C259A-99AF-4DEA-B3DA-F8038AF24E86}"
EndProject
Project("{2150E333-8FDC-42A3-9474-1A3956D46DE8}") = "Web", "Web", "{222A5A44-9E89-4D9C-A85B-4C1826EF57F2}"
EndProject
Project("{9A19103F-16F7-4668-BE54-9A1E7A4F7556}") = "DFC.App.ContactUs.IntegrationTests", "DFC.App.ContactUs.IntegrationTests\DFC.App.ContactUs.IntegrationTests.csproj", "{3FDE4492-A7BA-497D-895D-8B872A7FAFE0}"
EndProject
Project("{2150E333-8FDC-42A3-9474-1A3956D46DE8}") = "Unit", "Unit", "{DBD1FE7A-8920-42E4-8732-DBA6870345EF}"
EndProject
Project("{2150E333-8FDC-42A3-9474-1A3956D46DE8}") = "Data", "Data", "{5C76D31A-481C-4596-B7D0-190869431A83}"
EndProject
Project("{9A19103F-16F7-4668-BE54-9A1E7A4F7556}") = "DFC.App.ContactUs.Data.UnitTests", "DFC.App.ContactUs.Data.UnitTests\DFC.App.ContactUs.Data.UnitTests.csproj", "{795AB9C9-5ACC-4D00-98E6-9CB5BFA224F3}"
EndProject
Project("{2150E333-8FDC-42A3-9474-1A3956D46DE8}") = "Services", "Services", "{3CA2376D-635F-400C-B3FA-9D0E931F48A4}"
EndProject
Project("{2150E333-8FDC-42A3-9474-1A3956D46DE8}") = "Web", "Web", "{A6F7044F-2113-47A4-9D91-DC2AD32D3EBF}"
EndProject
Project("{9A19103F-16F7-4668-BE54-9A1E7A4F7556}") = "DFC.App.ContactUs.UnitTests", "DFC.App.ContactUs.UnitTests\DFC.App.ContactUs.UnitTests.csproj", "{531CD16A-108F-4E2C-A06F-8F234DF1E3CB}"
EndProject
Project("{9A19103F-16F7-4668-BE54-9A1E7A4F7556}") = "DFC.App.ContactUs.Services.EmailService", "DFC.App.ContactUs.Services.EmailService\DFC.App.ContactUs.Services.EmailService.csproj", "{7CCA05D7-98DB-4E91-BFF6-4D3AF66832AA}"
EndProject
Project("{9A19103F-16F7-4668-BE54-9A1E7A4F7556}") = "DFC.App.ContactUs.Services.AreaRoutingService", "DFC.App.ContactUs.Services.AreaRoutingService\DFC.App.ContactUs.Services.AreaRoutingService.csproj", "{27878CD8-AD61-4A76-B6B2-F4E050051891}"
EndProject
Project("{9A19103F-16F7-4668-BE54-9A1E7A4F7556}") = "DFC.App.ContactUs.Services.AreaRoutingService.UnitTests", "DFC.App.ContactUs.Services.AreaRoutingService.UnitTests\DFC.App.ContactUs.Services.AreaRoutingService.UnitTests.csproj", "{47D4FCFD-856F-4CF4-AFB2-BFDFA554351E}"
EndProject
Project("{9A19103F-16F7-4668-BE54-9A1E7A4F7556}") = "DFC.App.ContactUs.Services.EmailService.UnitTests", "DFC.App.ContactUs.Services.EmailService.UnitTests\DFC.App.ContactUs.Services.EmailService.UnitTests.csproj", "{A74F9D65-B5F9-41AA-9EB1-DA1809ED4D5F}"
EndProject
Project("{9A19103F-16F7-4668-BE54-9A1E7A4F7556}") = "DFC.App.ContactUs.Services.CacheContentService", "DFC.App.ContactUs.Services.CacheContentService\DFC.App.ContactUs.Services.CacheContentService.csproj", "{CC5C6CE0-C1D7-409F-A6C7-1F9F5ED29168}"
EndProject
Project("{9A19103F-16F7-4668-BE54-9A1E7A4F7556}") = "DFC.App.ContactUs.Services.CacheContentService.UnitTests", "DFC.App.ContactUs.Services.CacheContentService.UnitTests\DFC.App.ContactUs.Services.CacheContentService.UnitTests.csproj", "{3559E07F-07F8-4EBE-B640-3A00249A302B}"
EndProject
Project("{2150E333-8FDC-42A3-9474-1A3956D46DE8}") = "FunctionalTests", "FunctionalTests", "{54593A75-949C-4666-A9E7-2AEDD7D0B935}"
EndProject
Project("{9A19103F-16F7-4668-BE54-9A1E7A4F7556}") = "DFC.App.ContactUs.UI.FunctionalTests", "DFC.App.ContactUs.UI.FunctionalTests\DFC.App.ContactUs.UI.FunctionalTests.csproj", "{6926461B-0774-4F94-AB0F-9100DD738DA3}"
EndProject
Project("{2150E333-8FDC-42A3-9474-1A3956D46DE8}") = "UI", "UI", "{AD01C5B5-5889-4794-985E-993E766F8334}"
EndProject
Global
	GlobalSection(SolutionConfigurationPlatforms) = preSolution
		Debug|Any CPU = Debug|Any CPU
		Release|Any CPU = Release|Any CPU
	EndGlobalSection
	GlobalSection(ProjectConfigurationPlatforms) = postSolution
		{4714657D-B7BC-481E-8232-1418577BBB2E}.Debug|Any CPU.ActiveCfg = Debug|Any CPU
		{4714657D-B7BC-481E-8232-1418577BBB2E}.Debug|Any CPU.Build.0 = Debug|Any CPU
		{4714657D-B7BC-481E-8232-1418577BBB2E}.Release|Any CPU.ActiveCfg = Release|Any CPU
		{4714657D-B7BC-481E-8232-1418577BBB2E}.Release|Any CPU.Build.0 = Release|Any CPU
		{56C3A071-4699-47F5-9D92-FA36AE4D9784}.Debug|Any CPU.ActiveCfg = Debug|Any CPU
		{56C3A071-4699-47F5-9D92-FA36AE4D9784}.Debug|Any CPU.Build.0 = Debug|Any CPU
		{56C3A071-4699-47F5-9D92-FA36AE4D9784}.Release|Any CPU.ActiveCfg = Release|Any CPU
		{56C3A071-4699-47F5-9D92-FA36AE4D9784}.Release|Any CPU.Build.0 = Release|Any CPU
		{3FDE4492-A7BA-497D-895D-8B872A7FAFE0}.Debug|Any CPU.ActiveCfg = Debug|Any CPU
		{3FDE4492-A7BA-497D-895D-8B872A7FAFE0}.Debug|Any CPU.Build.0 = Debug|Any CPU
		{3FDE4492-A7BA-497D-895D-8B872A7FAFE0}.Release|Any CPU.ActiveCfg = Release|Any CPU
		{3FDE4492-A7BA-497D-895D-8B872A7FAFE0}.Release|Any CPU.Build.0 = Release|Any CPU
		{795AB9C9-5ACC-4D00-98E6-9CB5BFA224F3}.Debug|Any CPU.ActiveCfg = Debug|Any CPU
		{795AB9C9-5ACC-4D00-98E6-9CB5BFA224F3}.Debug|Any CPU.Build.0 = Debug|Any CPU
		{795AB9C9-5ACC-4D00-98E6-9CB5BFA224F3}.Release|Any CPU.ActiveCfg = Release|Any CPU
		{795AB9C9-5ACC-4D00-98E6-9CB5BFA224F3}.Release|Any CPU.Build.0 = Release|Any CPU
		{531CD16A-108F-4E2C-A06F-8F234DF1E3CB}.Debug|Any CPU.ActiveCfg = Debug|Any CPU
		{531CD16A-108F-4E2C-A06F-8F234DF1E3CB}.Debug|Any CPU.Build.0 = Debug|Any CPU
		{531CD16A-108F-4E2C-A06F-8F234DF1E3CB}.Release|Any CPU.ActiveCfg = Release|Any CPU
		{531CD16A-108F-4E2C-A06F-8F234DF1E3CB}.Release|Any CPU.Build.0 = Release|Any CPU
		{7CCA05D7-98DB-4E91-BFF6-4D3AF66832AA}.Debug|Any CPU.ActiveCfg = Debug|Any CPU
		{7CCA05D7-98DB-4E91-BFF6-4D3AF66832AA}.Debug|Any CPU.Build.0 = Debug|Any CPU
		{7CCA05D7-98DB-4E91-BFF6-4D3AF66832AA}.Release|Any CPU.ActiveCfg = Release|Any CPU
		{7CCA05D7-98DB-4E91-BFF6-4D3AF66832AA}.Release|Any CPU.Build.0 = Release|Any CPU
		{27878CD8-AD61-4A76-B6B2-F4E050051891}.Debug|Any CPU.ActiveCfg = Debug|Any CPU
		{27878CD8-AD61-4A76-B6B2-F4E050051891}.Debug|Any CPU.Build.0 = Debug|Any CPU
		{27878CD8-AD61-4A76-B6B2-F4E050051891}.Release|Any CPU.ActiveCfg = Release|Any CPU
		{27878CD8-AD61-4A76-B6B2-F4E050051891}.Release|Any CPU.Build.0 = Release|Any CPU
		{47D4FCFD-856F-4CF4-AFB2-BFDFA554351E}.Debug|Any CPU.ActiveCfg = Debug|Any CPU
		{47D4FCFD-856F-4CF4-AFB2-BFDFA554351E}.Debug|Any CPU.Build.0 = Debug|Any CPU
		{47D4FCFD-856F-4CF4-AFB2-BFDFA554351E}.Release|Any CPU.ActiveCfg = Release|Any CPU
		{47D4FCFD-856F-4CF4-AFB2-BFDFA554351E}.Release|Any CPU.Build.0 = Release|Any CPU
		{A74F9D65-B5F9-41AA-9EB1-DA1809ED4D5F}.Debug|Any CPU.ActiveCfg = Debug|Any CPU
		{A74F9D65-B5F9-41AA-9EB1-DA1809ED4D5F}.Debug|Any CPU.Build.0 = Debug|Any CPU
		{A74F9D65-B5F9-41AA-9EB1-DA1809ED4D5F}.Release|Any CPU.ActiveCfg = Release|Any CPU
		{A74F9D65-B5F9-41AA-9EB1-DA1809ED4D5F}.Release|Any CPU.Build.0 = Release|Any CPU
		{CC5C6CE0-C1D7-409F-A6C7-1F9F5ED29168}.Debug|Any CPU.ActiveCfg = Debug|Any CPU
		{CC5C6CE0-C1D7-409F-A6C7-1F9F5ED29168}.Debug|Any CPU.Build.0 = Debug|Any CPU
		{CC5C6CE0-C1D7-409F-A6C7-1F9F5ED29168}.Release|Any CPU.ActiveCfg = Release|Any CPU
		{CC5C6CE0-C1D7-409F-A6C7-1F9F5ED29168}.Release|Any CPU.Build.0 = Release|Any CPU
		{3559E07F-07F8-4EBE-B640-3A00249A302B}.Debug|Any CPU.ActiveCfg = Debug|Any CPU
		{3559E07F-07F8-4EBE-B640-3A00249A302B}.Debug|Any CPU.Build.0 = Debug|Any CPU
		{3559E07F-07F8-4EBE-B640-3A00249A302B}.Release|Any CPU.ActiveCfg = Release|Any CPU
		{3559E07F-07F8-4EBE-B640-3A00249A302B}.Release|Any CPU.Build.0 = Release|Any CPU
		{6926461B-0774-4F94-AB0F-9100DD738DA3}.Debug|Any CPU.ActiveCfg = Debug|Any CPU
		{6926461B-0774-4F94-AB0F-9100DD738DA3}.Debug|Any CPU.Build.0 = Debug|Any CPU
		{6926461B-0774-4F94-AB0F-9100DD738DA3}.Release|Any CPU.ActiveCfg = Release|Any CPU
		{6926461B-0774-4F94-AB0F-9100DD738DA3}.Release|Any CPU.Build.0 = Release|Any CPU
	EndGlobalSection
	GlobalSection(SolutionProperties) = preSolution
		HideSolutionNode = FALSE
	EndGlobalSection
	GlobalSection(NestedProjects) = preSolution
		{4714657D-B7BC-481E-8232-1418577BBB2E} = {1DD6EE44-7073-4949-AD97-34636DF62CB5}
		{371C259A-99AF-4DEA-B3DA-F8038AF24E86} = {0C896E2B-3CA0-4674-98AC-948C514E629E}
		{222A5A44-9E89-4D9C-A85B-4C1826EF57F2} = {371C259A-99AF-4DEA-B3DA-F8038AF24E86}
		{3FDE4492-A7BA-497D-895D-8B872A7FAFE0} = {222A5A44-9E89-4D9C-A85B-4C1826EF57F2}
		{DBD1FE7A-8920-42E4-8732-DBA6870345EF} = {0C896E2B-3CA0-4674-98AC-948C514E629E}
		{5C76D31A-481C-4596-B7D0-190869431A83} = {DBD1FE7A-8920-42E4-8732-DBA6870345EF}
		{795AB9C9-5ACC-4D00-98E6-9CB5BFA224F3} = {5C76D31A-481C-4596-B7D0-190869431A83}
		{3CA2376D-635F-400C-B3FA-9D0E931F48A4} = {DBD1FE7A-8920-42E4-8732-DBA6870345EF}
		{A6F7044F-2113-47A4-9D91-DC2AD32D3EBF} = {DBD1FE7A-8920-42E4-8732-DBA6870345EF}
		{531CD16A-108F-4E2C-A06F-8F234DF1E3CB} = {A6F7044F-2113-47A4-9D91-DC2AD32D3EBF}
		{7CCA05D7-98DB-4E91-BFF6-4D3AF66832AA} = {6DF16001-56C9-4D30-9AFC-14156B01996E}
		{27878CD8-AD61-4A76-B6B2-F4E050051891} = {6DF16001-56C9-4D30-9AFC-14156B01996E}
		{47D4FCFD-856F-4CF4-AFB2-BFDFA554351E} = {3CA2376D-635F-400C-B3FA-9D0E931F48A4}
		{A74F9D65-B5F9-41AA-9EB1-DA1809ED4D5F} = {3CA2376D-635F-400C-B3FA-9D0E931F48A4}
		{CC5C6CE0-C1D7-409F-A6C7-1F9F5ED29168} = {6DF16001-56C9-4D30-9AFC-14156B01996E}
		{3559E07F-07F8-4EBE-B640-3A00249A302B} = {3CA2376D-635F-400C-B3FA-9D0E931F48A4}
		{54593A75-949C-4666-A9E7-2AEDD7D0B935} = {0C896E2B-3CA0-4674-98AC-948C514E629E}
		{6926461B-0774-4F94-AB0F-9100DD738DA3} = {AD01C5B5-5889-4794-985E-993E766F8334}
		{AD01C5B5-5889-4794-985E-993E766F8334} = {54593A75-949C-4666-A9E7-2AEDD7D0B935}
	EndGlobalSection
	GlobalSection(ExtensibilityGlobals) = postSolution
		SolutionGuid = {ADDEB487-87CC-48BC-B575-038E682CA8C3}
	EndGlobalSection
EndGlobal
